// !$*UTF8*$!
{
	archiveVersion = 1;
	classes = {
	};
	objectVersion = 46;
	objects = {

/* Begin PBXBuildFile section */
		67BBBCB5197418F40089E3D6 /* MoipSDK.h in Headers */ = {isa = PBXBuildFile; fileRef = 67BBBCB4197418F40089E3D6 /* MoipSDK.h */; settings = {ATTRIBUTES = (Public, ); }; };
		67BBBCBB197418F40089E3D6 /* MoipSDK.framework in Frameworks */ = {isa = PBXBuildFile; fileRef = 67BBBCAF197418F40089E3D6 /* MoipSDK.framework */; };
		67BBBCC2197418F40089E3D6 /* MoipSDKTests.m in Sources */ = {isa = PBXBuildFile; fileRef = 67BBBCC1197418F40089E3D6 /* MoipSDKTests.m */; };
		67BBBD431974191C0089E3D6 /* MPKCheckoutViewController.h in Headers */ = {isa = PBXBuildFile; fileRef = 67BBBCCD1974191C0089E3D6 /* MPKCheckoutViewController.h */; settings = {ATTRIBUTES = (Public, ); }; };
		67BBBD441974191C0089E3D6 /* MPKCheckoutViewController.m in Sources */ = {isa = PBXBuildFile; fileRef = 67BBBCCE1974191C0089E3D6 /* MPKCheckoutViewController.m */; };
		67BBBD451974191C0089E3D6 /* MPKConfiguration.h in Headers */ = {isa = PBXBuildFile; fileRef = 67BBBCCF1974191C0089E3D6 /* MPKConfiguration.h */; settings = {ATTRIBUTES = (Public, ); }; };
		67BBBD461974191C0089E3D6 /* MPKConfiguration.m in Sources */ = {isa = PBXBuildFile; fileRef = 67BBBCD01974191C0089E3D6 /* MPKConfiguration.m */; };
		67BBBD471974191C0089E3D6 /* MPKAddressZip.h in Headers */ = {isa = PBXBuildFile; fileRef = 67BBBCD21974191C0089E3D6 /* MPKAddressZip.h */; settings = {ATTRIBUTES = (Public, ); }; };
		67BBBD481974191C0089E3D6 /* MPKAddressZip.m in Sources */ = {isa = PBXBuildFile; fileRef = 67BBBCD31974191C0089E3D6 /* MPKAddressZip.m */; };
		67BBBD491974191C0089E3D6 /* MPKCard.h in Headers */ = {isa = PBXBuildFile; fileRef = 67BBBCD41974191C0089E3D6 /* MPKCard.h */; settings = {ATTRIBUTES = (Public, ); }; };
		67BBBD4A1974191C0089E3D6 /* MPKCard.m in Sources */ = {isa = PBXBuildFile; fileRef = 67BBBCD51974191C0089E3D6 /* MPKCard.m */; };
		67BBBD4B1974191C0089E3D6 /* MPKCardCVC.h in Headers */ = {isa = PBXBuildFile; fileRef = 67BBBCD61974191C0089E3D6 /* MPKCardCVC.h */; settings = {ATTRIBUTES = (Public, ); }; };
		67BBBD4C1974191C0089E3D6 /* MPKCardCVC.m in Sources */ = {isa = PBXBuildFile; fileRef = 67BBBCD71974191C0089E3D6 /* MPKCardCVC.m */; };
		67BBBD4D1974191C0089E3D6 /* MPKCardExpiry.h in Headers */ = {isa = PBXBuildFile; fileRef = 67BBBCD81974191C0089E3D6 /* MPKCardExpiry.h */; settings = {ATTRIBUTES = (Public, ); }; };
		67BBBD4E1974191C0089E3D6 /* MPKCardExpiry.m in Sources */ = {isa = PBXBuildFile; fileRef = 67BBBCD91974191C0089E3D6 /* MPKCardExpiry.m */; };
		67BBBD4F1974191C0089E3D6 /* MPKCardNumber.h in Headers */ = {isa = PBXBuildFile; fileRef = 67BBBCDA1974191C0089E3D6 /* MPKCardNumber.h */; settings = {ATTRIBUTES = (Public, ); }; };
		67BBBD501974191C0089E3D6 /* MPKCardNumber.m in Sources */ = {isa = PBXBuildFile; fileRef = 67BBBCDB1974191C0089E3D6 /* MPKCardNumber.m */; };
		67BBBD511974191C0089E3D6 /* MPKCardType.h in Headers */ = {isa = PBXBuildFile; fileRef = 67BBBCDC1974191C0089E3D6 /* MPKCardType.h */; settings = {ATTRIBUTES = (Public, ); }; };
		67BBBD521974191C0089E3D6 /* MPKComponent.h in Headers */ = {isa = PBXBuildFile; fileRef = 67BBBCDD1974191C0089E3D6 /* MPKComponent.h */; settings = {ATTRIBUTES = (Public, ); }; };
		67BBBD531974191C0089E3D6 /* MPKComponent.m in Sources */ = {isa = PBXBuildFile; fileRef = 67BBBCDE1974191C0089E3D6 /* MPKComponent.m */; };
		67BBBD541974191C0089E3D6 /* MPKTextField.h in Headers */ = {isa = PBXBuildFile; fileRef = 67BBBCDF1974191C0089E3D6 /* MPKTextField.h */; settings = {ATTRIBUTES = (Public, ); }; };
		67BBBD551974191C0089E3D6 /* MPKTextField.m in Sources */ = {isa = PBXBuildFile; fileRef = 67BBBCE01974191C0089E3D6 /* MPKTextField.m */; };
		67BBBD561974191C0089E3D6 /* MPKUSAddressZip.h in Headers */ = {isa = PBXBuildFile; fileRef = 67BBBCE11974191C0089E3D6 /* MPKUSAddressZip.h */; };
		67BBBD571974191C0089E3D6 /* MPKUSAddressZip.m in Sources */ = {isa = PBXBuildFile; fileRef = 67BBBCE21974191C0089E3D6 /* MPKUSAddressZip.m */; };
		67BBBD581974191C0089E3D6 /* MPKView.h in Headers */ = {isa = PBXBuildFile; fileRef = 67BBBCE31974191C0089E3D6 /* MPKView.h */; settings = {ATTRIBUTES = (Public, ); }; };
		67BBBD591974191C0089E3D6 /* MPKView.m in Sources */ = {isa = PBXBuildFile; fileRef = 67BBBCE41974191C0089E3D6 /* MPKView.m */; };
		67BBBD5A1974191C0089E3D6 /* MPKEnvironment.h in Headers */ = {isa = PBXBuildFile; fileRef = 67BBBCE61974191C0089E3D6 /* MPKEnvironment.h */; settings = {ATTRIBUTES = (Public, ); }; };
		67BBBD5B1974191C0089E3D6 /* MPKError.h in Headers */ = {isa = PBXBuildFile; fileRef = 67BBBCE81974191C0089E3D6 /* MPKError.h */; settings = {ATTRIBUTES = (Public, ); }; };
		67BBBD5C1974191C0089E3D6 /* MPKError.m in Sources */ = {isa = PBXBuildFile; fileRef = 67BBBCE91974191C0089E3D6 /* MPKError.m */; };
		67BBBD5D1974191C0089E3D6 /* HTTPStatusCodes.h in Headers */ = {isa = PBXBuildFile; fileRef = 67BBBCEB1974191C0089E3D6 /* HTTPStatusCodes.h */; };
		67BBBD5E1974191C0089E3D6 /* MoipHttpRequester.h in Headers */ = {isa = PBXBuildFile; fileRef = 67BBBCEC1974191C0089E3D6 /* MoipHttpRequester.h */; };
		67BBBD5F1974191C0089E3D6 /* MoipHttpRequester.m in Sources */ = {isa = PBXBuildFile; fileRef = 67BBBCED1974191C0089E3D6 /* MoipHttpRequester.m */; };
		67BBBD601974191C0089E3D6 /* MoipHttpResponse.h in Headers */ = {isa = PBXBuildFile; fileRef = 67BBBCEE1974191C0089E3D6 /* MoipHttpResponse.h */; };
		67BBBD611974191C0089E3D6 /* MoipHttpResponse.m in Sources */ = {isa = PBXBuildFile; fileRef = 67BBBCEF1974191C0089E3D6 /* MoipHttpResponse.m */; };
		67BBBD621974191C0089E3D6 /* MPKAmount.h in Headers */ = {isa = PBXBuildFile; fileRef = 67BBBCF11974191C0089E3D6 /* MPKAmount.h */; settings = {ATTRIBUTES = (Public, ); }; };
		67BBBD631974191C0089E3D6 /* MPKAmount.m in Sources */ = {isa = PBXBuildFile; fileRef = 67BBBCF21974191C0089E3D6 /* MPKAmount.m */; };
		67BBBD641974191C0089E3D6 /* MPKCardHolder.h in Headers */ = {isa = PBXBuildFile; fileRef = 67BBBCF31974191C0089E3D6 /* MPKCardHolder.h */; settings = {ATTRIBUTES = (Public, ); }; };
		67BBBD651974191C0089E3D6 /* MPKCardHolder.m in Sources */ = {isa = PBXBuildFile; fileRef = 67BBBCF41974191C0089E3D6 /* MPKCardHolder.m */; };
		67BBBD661974191C0089E3D6 /* MPKCreditCard.h in Headers */ = {isa = PBXBuildFile; fileRef = 67BBBCF51974191C0089E3D6 /* MPKCreditCard.h */; settings = {ATTRIBUTES = (Public, ); }; };
		67BBBD671974191C0089E3D6 /* MPKCreditCard.m in Sources */ = {isa = PBXBuildFile; fileRef = 67BBBCF61974191C0089E3D6 /* MPKCreditCard.m */; };
		67BBBD681974191C0089E3D6 /* MPKEnums.h in Headers */ = {isa = PBXBuildFile; fileRef = 67BBBCF71974191C0089E3D6 /* MPKEnums.h */; settings = {ATTRIBUTES = (Public, ); }; };
		67BBBD691974191C0089E3D6 /* MPKEvent.h in Headers */ = {isa = PBXBuildFile; fileRef = 67BBBCF81974191C0089E3D6 /* MPKEvent.h */; settings = {ATTRIBUTES = (Public, ); }; };
		67BBBD6A1974191C0089E3D6 /* MPKEvent.m in Sources */ = {isa = PBXBuildFile; fileRef = 67BBBCF91974191C0089E3D6 /* MPKEvent.m */; };
		67BBBD6B1974191C0089E3D6 /* MPKFee.h in Headers */ = {isa = PBXBuildFile; fileRef = 67BBBCFA1974191C0089E3D6 /* MPKFee.h */; settings = {ATTRIBUTES = (Public, ); }; };
		67BBBD6C1974191C0089E3D6 /* MPKFee.m in Sources */ = {isa = PBXBuildFile; fileRef = 67BBBCFB1974191C0089E3D6 /* MPKFee.m */; };
		67BBBD6D1974191C0089E3D6 /* MPKFundingInstrument.h in Headers */ = {isa = PBXBuildFile; fileRef = 67BBBCFC1974191C0089E3D6 /* MPKFundingInstrument.h */; settings = {ATTRIBUTES = (Public, ); }; };
		67BBBD6E1974191C0089E3D6 /* MPKFundingInstrument.m in Sources */ = {isa = PBXBuildFile; fileRef = 67BBBCFD1974191C0089E3D6 /* MPKFundingInstrument.m */; };
		67BBBD6F1974191C0089E3D6 /* MPKPayment.h in Headers */ = {isa = PBXBuildFile; fileRef = 67BBBCFE1974191C0089E3D6 /* MPKPayment.h */; settings = {ATTRIBUTES = (Public, ); }; };
		67BBBD701974191C0089E3D6 /* MPKPayment.m in Sources */ = {isa = PBXBuildFile; fileRef = 67BBBCFF1974191C0089E3D6 /* MPKPayment.m */; };
		67BBBD711974191C0089E3D6 /* MPKPaymentTransaction.h in Headers */ = {isa = PBXBuildFile; fileRef = 67BBBD001974191C0089E3D6 /* MPKPaymentTransaction.h */; settings = {ATTRIBUTES = (Public, ); }; };
		67BBBD721974191C0089E3D6 /* MPKPaymentTransaction.m in Sources */ = {isa = PBXBuildFile; fileRef = 67BBBD011974191C0089E3D6 /* MPKPaymentTransaction.m */; };
		67BBBD731974191C0089E3D6 /* MoipSDK.m in Sources */ = {isa = PBXBuildFile; fileRef = 67BBBD021974191C0089E3D6 /* MoipSDK.m */; };
		67BBBD741974191C0089E3D6 /* amex.png in Resources */ = {isa = PBXBuildFile; fileRef = 67BBBD041974191C0089E3D6 /* amex.png */; };
		67BBBD751974191C0089E3D6 /* amex@2x.png in Resources */ = {isa = PBXBuildFile; fileRef = 67BBBD051974191C0089E3D6 /* amex@2x.png */; };
		67BBBD761974191C0089E3D6 /* cvc-amex.png in Resources */ = {isa = PBXBuildFile; fileRef = 67BBBD061974191C0089E3D6 /* cvc-amex.png */; };
		67BBBD771974191C0089E3D6 /* cvc-amex@2x.png in Resources */ = {isa = PBXBuildFile; fileRef = 67BBBD071974191C0089E3D6 /* cvc-amex@2x.png */; };
		67BBBD781974191C0089E3D6 /* cvc.png in Resources */ = {isa = PBXBuildFile; fileRef = 67BBBD081974191C0089E3D6 /* cvc.png */; };
		67BBBD791974191C0089E3D6 /* cvc@2x.png in Resources */ = {isa = PBXBuildFile; fileRef = 67BBBD091974191C0089E3D6 /* cvc@2x.png */; };
		67BBBD7A1974191C0089E3D6 /* diners.png in Resources */ = {isa = PBXBuildFile; fileRef = 67BBBD0A1974191C0089E3D6 /* diners.png */; };
		67BBBD7B1974191C0089E3D6 /* diners@2x.png in Resources */ = {isa = PBXBuildFile; fileRef = 67BBBD0B1974191C0089E3D6 /* diners@2x.png */; };
		67BBBD7C1974191C0089E3D6 /* discover.png in Resources */ = {isa = PBXBuildFile; fileRef = 67BBBD0C1974191C0089E3D6 /* discover.png */; };
		67BBBD7D1974191C0089E3D6 /* discover@2x.png in Resources */ = {isa = PBXBuildFile; fileRef = 67BBBD0D1974191C0089E3D6 /* discover@2x.png */; };
		67BBBD7E1974191C0089E3D6 /* gradient@2x.png in Resources */ = {isa = PBXBuildFile; fileRef = 67BBBD0E1974191C0089E3D6 /* gradient@2x.png */; };
		67BBBD7F1974191C0089E3D6 /* jcb.png in Resources */ = {isa = PBXBuildFile; fileRef = 67BBBD0F1974191C0089E3D6 /* jcb.png */; };
		67BBBD801974191C0089E3D6 /* jcb@2x.png in Resources */ = {isa = PBXBuildFile; fileRef = 67BBBD101974191C0089E3D6 /* jcb@2x.png */; };
		67BBBD811974191C0089E3D6 /* mastercard.png in Resources */ = {isa = PBXBuildFile; fileRef = 67BBBD111974191C0089E3D6 /* mastercard.png */; };
		67BBBD821974191C0089E3D6 /* mastercard@2x.png in Resources */ = {isa = PBXBuildFile; fileRef = 67BBBD121974191C0089E3D6 /* mastercard@2x.png */; };
		67BBBD831974191C0089E3D6 /* placeholder.png in Resources */ = {isa = PBXBuildFile; fileRef = 67BBBD131974191C0089E3D6 /* placeholder.png */; };
		67BBBD841974191C0089E3D6 /* placeholder@2x.png in Resources */ = {isa = PBXBuildFile; fileRef = 67BBBD141974191C0089E3D6 /* placeholder@2x.png */; };
		67BBBD851974191C0089E3D6 /* textfield.png in Resources */ = {isa = PBXBuildFile; fileRef = 67BBBD151974191C0089E3D6 /* textfield.png */; };
		67BBBD861974191C0089E3D6 /* textfield@2x.png in Resources */ = {isa = PBXBuildFile; fileRef = 67BBBD161974191C0089E3D6 /* textfield@2x.png */; };
		67BBBD871974191C0089E3D6 /* visa.png in Resources */ = {isa = PBXBuildFile; fileRef = 67BBBD171974191C0089E3D6 /* visa.png */; };
		67BBBD881974191C0089E3D6 /* visa@2x.png in Resources */ = {isa = PBXBuildFile; fileRef = 67BBBD181974191C0089E3D6 /* visa@2x.png */; };
		67BBBD891974191C0089E3D6 /* SecUtils.h in Headers */ = {isa = PBXBuildFile; fileRef = 67BBBD1A1974191C0089E3D6 /* SecUtils.h */; };
		67BBBD8A1974191C0089E3D6 /* SecUtils.m in Sources */ = {isa = PBXBuildFile; fileRef = 67BBBD1B1974191C0089E3D6 /* SecUtils.m */; };
		67BBBD8B1974191C0089E3D6 /* MPKUtilities.h in Headers */ = {isa = PBXBuildFile; fileRef = 67BBBD1D1974191C0089E3D6 /* MPKUtilities.h */; settings = {ATTRIBUTES = (Public, ); }; };
		67BBBD8C1974191C0089E3D6 /* MPKUtilities.m in Sources */ = {isa = PBXBuildFile; fileRef = 67BBBD1E1974191C0089E3D6 /* MPKUtilities.m */; };
		67BBBD8D1974191C0089E3D6 /* ClisitefAsync.h in Headers */ = {isa = PBXBuildFile; fileRef = 67BBBD211974191C0089E3D6 /* ClisitefAsync.h */; };
		67BBBD8E1974191C0089E3D6 /* HexColor.h in Headers */ = {isa = PBXBuildFile; fileRef = 67BBBD251974191C0089E3D6 /* HexColor.h */; };
		67BBBD8F1974191C0089E3D6 /* HexColor.m in Sources */ = {isa = PBXBuildFile; fileRef = 67BBBD261974191C0089E3D6 /* HexColor.m */; };
		67BBBD901974191C0089E3D6 /* MPKMessage.h in Headers */ = {isa = PBXBuildFile; fileRef = 67BBBD291974191C0089E3D6 /* MPKMessage.h */; settings = {ATTRIBUTES = (Public, ); }; };
		67BBBD911974191C0089E3D6 /* MPKMessage.m in Sources */ = {isa = PBXBuildFile; fileRef = 67BBBD2A1974191C0089E3D6 /* MPKMessage.m */; };
		67BBBD921974191C0089E3D6 /* NotificationBackgroundError.png in Resources */ = {isa = PBXBuildFile; fileRef = 67BBBD2D1974191C0089E3D6 /* NotificationBackgroundError.png */; };
		67BBBD931974191C0089E3D6 /* NotificationBackgroundError@2x.png in Resources */ = {isa = PBXBuildFile; fileRef = 67BBBD2E1974191C0089E3D6 /* NotificationBackgroundError@2x.png */; };
		67BBBD941974191C0089E3D6 /* NotificationBackgroundErrorIcon.png in Resources */ = {isa = PBXBuildFile; fileRef = 67BBBD2F1974191C0089E3D6 /* NotificationBackgroundErrorIcon.png */; };
		67BBBD951974191C0089E3D6 /* NotificationBackgroundErrorIcon@2x.png in Resources */ = {isa = PBXBuildFile; fileRef = 67BBBD301974191C0089E3D6 /* NotificationBackgroundErrorIcon@2x.png */; };
		67BBBD961974191C0089E3D6 /* NotificationBackgroundMessage.png in Resources */ = {isa = PBXBuildFile; fileRef = 67BBBD311974191C0089E3D6 /* NotificationBackgroundMessage.png */; };
		67BBBD971974191C0089E3D6 /* NotificationBackgroundMessage@2x.png in Resources */ = {isa = PBXBuildFile; fileRef = 67BBBD321974191C0089E3D6 /* NotificationBackgroundMessage@2x.png */; };
		67BBBD981974191C0089E3D6 /* NotificationBackgroundSuccess.png in Resources */ = {isa = PBXBuildFile; fileRef = 67BBBD331974191C0089E3D6 /* NotificationBackgroundSuccess.png */; };
		67BBBD991974191C0089E3D6 /* NotificationBackgroundSuccess@2x.png in Resources */ = {isa = PBXBuildFile; fileRef = 67BBBD341974191C0089E3D6 /* NotificationBackgroundSuccess@2x.png */; };
		67BBBD9A1974191C0089E3D6 /* NotificationBackgroundSuccessIcon.png in Resources */ = {isa = PBXBuildFile; fileRef = 67BBBD351974191C0089E3D6 /* NotificationBackgroundSuccessIcon.png */; };
		67BBBD9B1974191C0089E3D6 /* NotificationBackgroundSuccessIcon@2x.png in Resources */ = {isa = PBXBuildFile; fileRef = 67BBBD361974191C0089E3D6 /* NotificationBackgroundSuccessIcon@2x.png */; };
		67BBBD9C1974191C0089E3D6 /* NotificationBackgroundWarning.png in Resources */ = {isa = PBXBuildFile; fileRef = 67BBBD371974191C0089E3D6 /* NotificationBackgroundWarning.png */; };
		67BBBD9D1974191C0089E3D6 /* NotificationBackgroundWarning@2x.png in Resources */ = {isa = PBXBuildFile; fileRef = 67BBBD381974191C0089E3D6 /* NotificationBackgroundWarning@2x.png */; };
		67BBBD9E1974191C0089E3D6 /* NotificationBackgroundWarningIcon.png in Resources */ = {isa = PBXBuildFile; fileRef = 67BBBD391974191C0089E3D6 /* NotificationBackgroundWarningIcon.png */; };
		67BBBD9F1974191C0089E3D6 /* NotificationBackgroundWarningIcon@2x.png in Resources */ = {isa = PBXBuildFile; fileRef = 67BBBD3A1974191C0089E3D6 /* NotificationBackgroundWarningIcon@2x.png */; };
		67BBBDA01974191C0089E3D6 /* NotificationButtonBackground.png in Resources */ = {isa = PBXBuildFile; fileRef = 67BBBD3B1974191C0089E3D6 /* NotificationButtonBackground.png */; };
		67BBBDA11974191C0089E3D6 /* NotificationButtonBackground@2x.png in Resources */ = {isa = PBXBuildFile; fileRef = 67BBBD3C1974191C0089E3D6 /* NotificationButtonBackground@2x.png */; };
		67BBBDA21974191C0089E3D6 /* MPKMessagesDefaultDesign.json in Resources */ = {isa = PBXBuildFile; fileRef = 67BBBD3D1974191C0089E3D6 /* MPKMessagesDefaultDesign.json */; };
		67BBBDA31974191C0089E3D6 /* MPKBlurView.h in Headers */ = {isa = PBXBuildFile; fileRef = 67BBBD3F1974191C0089E3D6 /* MPKBlurView.h */; };
		67BBBDA41974191C0089E3D6 /* MPKBlurView.m in Sources */ = {isa = PBXBuildFile; fileRef = 67BBBD401974191C0089E3D6 /* MPKBlurView.m */; };
		67BBBDA51974191C0089E3D6 /* MPKMessageView.h in Headers */ = {isa = PBXBuildFile; fileRef = 67BBBD411974191C0089E3D6 /* MPKMessageView.h */; settings = {ATTRIBUTES = (Public, ); }; };
		67BBBDA61974191C0089E3D6 /* MPKMessageView.m in Sources */ = {isa = PBXBuildFile; fileRef = 67BBBD421974191C0089E3D6 /* MPKMessageView.m */; };
/* End PBXBuildFile section */

/* Begin PBXContainerItemProxy section */
		67BBBCBC197418F40089E3D6 /* PBXContainerItemProxy */ = {
			isa = PBXContainerItemProxy;
			containerPortal = 67BBBCA6197418F30089E3D6 /* Project object */;
			proxyType = 1;
			remoteGlobalIDString = 67BBBCAE197418F40089E3D6;
			remoteInfo = MoipSDK;
		};
/* End PBXContainerItemProxy section */

/* Begin PBXFileReference section */
		67BBBCAF197418F40089E3D6 /* MoipSDK.framework */ = {isa = PBXFileReference; explicitFileType = wrapper.framework; includeInIndex = 0; path = MoipSDK.framework; sourceTree = BUILT_PRODUCTS_DIR; };
		67BBBCB3197418F40089E3D6 /* Info.plist */ = {isa = PBXFileReference; lastKnownFileType = text.plist.xml; path = Info.plist; sourceTree = "<group>"; };
		67BBBCB4197418F40089E3D6 /* MoipSDK.h */ = {isa = PBXFileReference; lastKnownFileType = sourcecode.c.h; path = MoipSDK.h; sourceTree = "<group>"; };
		67BBBCBA197418F40089E3D6 /* MoipSDKTests.xctest */ = {isa = PBXFileReference; explicitFileType = wrapper.cfbundle; includeInIndex = 0; path = MoipSDKTests.xctest; sourceTree = BUILT_PRODUCTS_DIR; };
		67BBBCC0197418F40089E3D6 /* Info.plist */ = {isa = PBXFileReference; lastKnownFileType = text.plist.xml; path = Info.plist; sourceTree = "<group>"; };
		67BBBCC1197418F40089E3D6 /* MoipSDKTests.m */ = {isa = PBXFileReference; lastKnownFileType = sourcecode.c.objc; path = MoipSDKTests.m; sourceTree = "<group>"; };
		67BBBCCD1974191C0089E3D6 /* MPKCheckoutViewController.h */ = {isa = PBXFileReference; fileEncoding = 4; lastKnownFileType = sourcecode.c.h; path = MPKCheckoutViewController.h; sourceTree = "<group>"; };
		67BBBCCE1974191C0089E3D6 /* MPKCheckoutViewController.m */ = {isa = PBXFileReference; fileEncoding = 4; lastKnownFileType = sourcecode.c.objc; path = MPKCheckoutViewController.m; sourceTree = "<group>"; };
		67BBBCCF1974191C0089E3D6 /* MPKConfiguration.h */ = {isa = PBXFileReference; fileEncoding = 4; lastKnownFileType = sourcecode.c.h; path = MPKConfiguration.h; sourceTree = "<group>"; };
		67BBBCD01974191C0089E3D6 /* MPKConfiguration.m */ = {isa = PBXFileReference; fileEncoding = 4; lastKnownFileType = sourcecode.c.objc; path = MPKConfiguration.m; sourceTree = "<group>"; };
		67BBBCD21974191C0089E3D6 /* MPKAddressZip.h */ = {isa = PBXFileReference; fileEncoding = 4; lastKnownFileType = sourcecode.c.h; path = MPKAddressZip.h; sourceTree = "<group>"; };
		67BBBCD31974191C0089E3D6 /* MPKAddressZip.m */ = {isa = PBXFileReference; fileEncoding = 4; lastKnownFileType = sourcecode.c.objc; path = MPKAddressZip.m; sourceTree = "<group>"; };
		67BBBCD41974191C0089E3D6 /* MPKCard.h */ = {isa = PBXFileReference; fileEncoding = 4; lastKnownFileType = sourcecode.c.h; path = MPKCard.h; sourceTree = "<group>"; };
		67BBBCD51974191C0089E3D6 /* MPKCard.m */ = {isa = PBXFileReference; fileEncoding = 4; lastKnownFileType = sourcecode.c.objc; path = MPKCard.m; sourceTree = "<group>"; };
		67BBBCD61974191C0089E3D6 /* MPKCardCVC.h */ = {isa = PBXFileReference; fileEncoding = 4; lastKnownFileType = sourcecode.c.h; path = MPKCardCVC.h; sourceTree = "<group>"; };
		67BBBCD71974191C0089E3D6 /* MPKCardCVC.m */ = {isa = PBXFileReference; fileEncoding = 4; lastKnownFileType = sourcecode.c.objc; path = MPKCardCVC.m; sourceTree = "<group>"; };
		67BBBCD81974191C0089E3D6 /* MPKCardExpiry.h */ = {isa = PBXFileReference; fileEncoding = 4; lastKnownFileType = sourcecode.c.h; path = MPKCardExpiry.h; sourceTree = "<group>"; };
		67BBBCD91974191C0089E3D6 /* MPKCardExpiry.m */ = {isa = PBXFileReference; fileEncoding = 4; lastKnownFileType = sourcecode.c.objc; path = MPKCardExpiry.m; sourceTree = "<group>"; };
		67BBBCDA1974191C0089E3D6 /* MPKCardNumber.h */ = {isa = PBXFileReference; fileEncoding = 4; lastKnownFileType = sourcecode.c.h; path = MPKCardNumber.h; sourceTree = "<group>"; };
		67BBBCDB1974191C0089E3D6 /* MPKCardNumber.m */ = {isa = PBXFileReference; fileEncoding = 4; lastKnownFileType = sourcecode.c.objc; path = MPKCardNumber.m; sourceTree = "<group>"; };
		67BBBCDC1974191C0089E3D6 /* MPKCardType.h */ = {isa = PBXFileReference; fileEncoding = 4; lastKnownFileType = sourcecode.c.h; path = MPKCardType.h; sourceTree = "<group>"; };
		67BBBCDD1974191C0089E3D6 /* MPKComponent.h */ = {isa = PBXFileReference; fileEncoding = 4; lastKnownFileType = sourcecode.c.h; path = MPKComponent.h; sourceTree = "<group>"; };
		67BBBCDE1974191C0089E3D6 /* MPKComponent.m */ = {isa = PBXFileReference; fileEncoding = 4; lastKnownFileType = sourcecode.c.objc; path = MPKComponent.m; sourceTree = "<group>"; };
		67BBBCDF1974191C0089E3D6 /* MPKTextField.h */ = {isa = PBXFileReference; fileEncoding = 4; lastKnownFileType = sourcecode.c.h; path = MPKTextField.h; sourceTree = "<group>"; };
		67BBBCE01974191C0089E3D6 /* MPKTextField.m */ = {isa = PBXFileReference; fileEncoding = 4; lastKnownFileType = sourcecode.c.objc; path = MPKTextField.m; sourceTree = "<group>"; };
		67BBBCE11974191C0089E3D6 /* MPKUSAddressZip.h */ = {isa = PBXFileReference; fileEncoding = 4; lastKnownFileType = sourcecode.c.h; path = MPKUSAddressZip.h; sourceTree = "<group>"; };
		67BBBCE21974191C0089E3D6 /* MPKUSAddressZip.m */ = {isa = PBXFileReference; fileEncoding = 4; lastKnownFileType = sourcecode.c.objc; path = MPKUSAddressZip.m; sourceTree = "<group>"; };
		67BBBCE31974191C0089E3D6 /* MPKView.h */ = {isa = PBXFileReference; fileEncoding = 4; lastKnownFileType = sourcecode.c.h; path = MPKView.h; sourceTree = "<group>"; };
		67BBBCE41974191C0089E3D6 /* MPKView.m */ = {isa = PBXFileReference; fileEncoding = 4; lastKnownFileType = sourcecode.c.objc; path = MPKView.m; sourceTree = "<group>"; };
		67BBBCE61974191C0089E3D6 /* MPKEnvironment.h */ = {isa = PBXFileReference; fileEncoding = 4; lastKnownFileType = sourcecode.c.h; path = MPKEnvironment.h; sourceTree = "<group>"; };
		67BBBCE81974191C0089E3D6 /* MPKError.h */ = {isa = PBXFileReference; fileEncoding = 4; lastKnownFileType = sourcecode.c.h; path = MPKError.h; sourceTree = "<group>"; };
		67BBBCE91974191C0089E3D6 /* MPKError.m */ = {isa = PBXFileReference; fileEncoding = 4; lastKnownFileType = sourcecode.c.objc; path = MPKError.m; sourceTree = "<group>"; };
		67BBBCEB1974191C0089E3D6 /* HTTPStatusCodes.h */ = {isa = PBXFileReference; fileEncoding = 4; lastKnownFileType = sourcecode.c.h; path = HTTPStatusCodes.h; sourceTree = "<group>"; };
		67BBBCEC1974191C0089E3D6 /* MoipHttpRequester.h */ = {isa = PBXFileReference; fileEncoding = 4; lastKnownFileType = sourcecode.c.h; path = MoipHttpRequester.h; sourceTree = "<group>"; };
		67BBBCED1974191C0089E3D6 /* MoipHttpRequester.m */ = {isa = PBXFileReference; fileEncoding = 4; lastKnownFileType = sourcecode.c.objc; path = MoipHttpRequester.m; sourceTree = "<group>"; };
		67BBBCEE1974191C0089E3D6 /* MoipHttpResponse.h */ = {isa = PBXFileReference; fileEncoding = 4; lastKnownFileType = sourcecode.c.h; path = MoipHttpResponse.h; sourceTree = "<group>"; };
		67BBBCEF1974191C0089E3D6 /* MoipHttpResponse.m */ = {isa = PBXFileReference; fileEncoding = 4; lastKnownFileType = sourcecode.c.objc; path = MoipHttpResponse.m; sourceTree = "<group>"; };
		67BBBCF11974191C0089E3D6 /* MPKAmount.h */ = {isa = PBXFileReference; fileEncoding = 4; lastKnownFileType = sourcecode.c.h; path = MPKAmount.h; sourceTree = "<group>"; };
		67BBBCF21974191C0089E3D6 /* MPKAmount.m */ = {isa = PBXFileReference; fileEncoding = 4; lastKnownFileType = sourcecode.c.objc; path = MPKAmount.m; sourceTree = "<group>"; };
		67BBBCF31974191C0089E3D6 /* MPKCardHolder.h */ = {isa = PBXFileReference; fileEncoding = 4; lastKnownFileType = sourcecode.c.h; path = MPKCardHolder.h; sourceTree = "<group>"; };
		67BBBCF41974191C0089E3D6 /* MPKCardHolder.m */ = {isa = PBXFileReference; fileEncoding = 4; lastKnownFileType = sourcecode.c.objc; path = MPKCardHolder.m; sourceTree = "<group>"; };
		67BBBCF51974191C0089E3D6 /* MPKCreditCard.h */ = {isa = PBXFileReference; fileEncoding = 4; lastKnownFileType = sourcecode.c.h; path = MPKCreditCard.h; sourceTree = "<group>"; };
		67BBBCF61974191C0089E3D6 /* MPKCreditCard.m */ = {isa = PBXFileReference; fileEncoding = 4; lastKnownFileType = sourcecode.c.objc; path = MPKCreditCard.m; sourceTree = "<group>"; };
		67BBBCF71974191C0089E3D6 /* MPKEnums.h */ = {isa = PBXFileReference; fileEncoding = 4; lastKnownFileType = sourcecode.c.h; path = MPKEnums.h; sourceTree = "<group>"; };
		67BBBCF81974191C0089E3D6 /* MPKEvent.h */ = {isa = PBXFileReference; fileEncoding = 4; lastKnownFileType = sourcecode.c.h; path = MPKEvent.h; sourceTree = "<group>"; };
		67BBBCF91974191C0089E3D6 /* MPKEvent.m */ = {isa = PBXFileReference; fileEncoding = 4; lastKnownFileType = sourcecode.c.objc; path = MPKEvent.m; sourceTree = "<group>"; };
		67BBBCFA1974191C0089E3D6 /* MPKFee.h */ = {isa = PBXFileReference; fileEncoding = 4; lastKnownFileType = sourcecode.c.h; path = MPKFee.h; sourceTree = "<group>"; };
		67BBBCFB1974191C0089E3D6 /* MPKFee.m */ = {isa = PBXFileReference; fileEncoding = 4; lastKnownFileType = sourcecode.c.objc; path = MPKFee.m; sourceTree = "<group>"; };
		67BBBCFC1974191C0089E3D6 /* MPKFundingInstrument.h */ = {isa = PBXFileReference; fileEncoding = 4; lastKnownFileType = sourcecode.c.h; path = MPKFundingInstrument.h; sourceTree = "<group>"; };
		67BBBCFD1974191C0089E3D6 /* MPKFundingInstrument.m */ = {isa = PBXFileReference; fileEncoding = 4; lastKnownFileType = sourcecode.c.objc; path = MPKFundingInstrument.m; sourceTree = "<group>"; };
		67BBBCFE1974191C0089E3D6 /* MPKPayment.h */ = {isa = PBXFileReference; fileEncoding = 4; lastKnownFileType = sourcecode.c.h; path = MPKPayment.h; sourceTree = "<group>"; };
		67BBBCFF1974191C0089E3D6 /* MPKPayment.m */ = {isa = PBXFileReference; fileEncoding = 4; lastKnownFileType = sourcecode.c.objc; path = MPKPayment.m; sourceTree = "<group>"; };
		67BBBD001974191C0089E3D6 /* MPKPaymentTransaction.h */ = {isa = PBXFileReference; fileEncoding = 4; lastKnownFileType = sourcecode.c.h; path = MPKPaymentTransaction.h; sourceTree = "<group>"; };
		67BBBD011974191C0089E3D6 /* MPKPaymentTransaction.m */ = {isa = PBXFileReference; fileEncoding = 4; lastKnownFileType = sourcecode.c.objc; path = MPKPaymentTransaction.m; sourceTree = "<group>"; };
		67BBBD021974191C0089E3D6 /* MoipSDK.m */ = {isa = PBXFileReference; fileEncoding = 4; lastKnownFileType = sourcecode.c.objc; path = MoipSDK.m; sourceTree = "<group>"; };
		67BBBD041974191C0089E3D6 /* amex.png */ = {isa = PBXFileReference; lastKnownFileType = image.png; path = amex.png; sourceTree = "<group>"; };
		67BBBD051974191C0089E3D6 /* amex@2x.png */ = {isa = PBXFileReference; lastKnownFileType = image.png; path = "amex@2x.png"; sourceTree = "<group>"; };
		67BBBD061974191C0089E3D6 /* cvc-amex.png */ = {isa = PBXFileReference; lastKnownFileType = image.png; path = "cvc-amex.png"; sourceTree = "<group>"; };
		67BBBD071974191C0089E3D6 /* cvc-amex@2x.png */ = {isa = PBXFileReference; lastKnownFileType = image.png; path = "cvc-amex@2x.png"; sourceTree = "<group>"; };
		67BBBD081974191C0089E3D6 /* cvc.png */ = {isa = PBXFileReference; lastKnownFileType = image.png; path = cvc.png; sourceTree = "<group>"; };
		67BBBD091974191C0089E3D6 /* cvc@2x.png */ = {isa = PBXFileReference; lastKnownFileType = image.png; path = "cvc@2x.png"; sourceTree = "<group>"; };
		67BBBD0A1974191C0089E3D6 /* diners.png */ = {isa = PBXFileReference; lastKnownFileType = image.png; path = diners.png; sourceTree = "<group>"; };
		67BBBD0B1974191C0089E3D6 /* diners@2x.png */ = {isa = PBXFileReference; lastKnownFileType = image.png; path = "diners@2x.png"; sourceTree = "<group>"; };
		67BBBD0C1974191C0089E3D6 /* discover.png */ = {isa = PBXFileReference; lastKnownFileType = image.png; path = discover.png; sourceTree = "<group>"; };
		67BBBD0D1974191C0089E3D6 /* discover@2x.png */ = {isa = PBXFileReference; lastKnownFileType = image.png; path = "discover@2x.png"; sourceTree = "<group>"; };
		67BBBD0E1974191C0089E3D6 /* gradient@2x.png */ = {isa = PBXFileReference; lastKnownFileType = image.png; path = "gradient@2x.png"; sourceTree = "<group>"; };
		67BBBD0F1974191C0089E3D6 /* jcb.png */ = {isa = PBXFileReference; lastKnownFileType = image.png; path = jcb.png; sourceTree = "<group>"; };
		67BBBD101974191C0089E3D6 /* jcb@2x.png */ = {isa = PBXFileReference; lastKnownFileType = image.png; path = "jcb@2x.png"; sourceTree = "<group>"; };
		67BBBD111974191C0089E3D6 /* mastercard.png */ = {isa = PBXFileReference; lastKnownFileType = image.png; path = mastercard.png; sourceTree = "<group>"; };
		67BBBD121974191C0089E3D6 /* mastercard@2x.png */ = {isa = PBXFileReference; lastKnownFileType = image.png; path = "mastercard@2x.png"; sourceTree = "<group>"; };
		67BBBD131974191C0089E3D6 /* placeholder.png */ = {isa = PBXFileReference; lastKnownFileType = image.png; path = placeholder.png; sourceTree = "<group>"; };
		67BBBD141974191C0089E3D6 /* placeholder@2x.png */ = {isa = PBXFileReference; lastKnownFileType = image.png; path = "placeholder@2x.png"; sourceTree = "<group>"; };
		67BBBD151974191C0089E3D6 /* textfield.png */ = {isa = PBXFileReference; lastKnownFileType = image.png; path = textfield.png; sourceTree = "<group>"; };
		67BBBD161974191C0089E3D6 /* textfield@2x.png */ = {isa = PBXFileReference; lastKnownFileType = image.png; path = "textfield@2x.png"; sourceTree = "<group>"; };
		67BBBD171974191C0089E3D6 /* visa.png */ = {isa = PBXFileReference; lastKnownFileType = image.png; path = visa.png; sourceTree = "<group>"; };
		67BBBD181974191C0089E3D6 /* visa@2x.png */ = {isa = PBXFileReference; lastKnownFileType = image.png; path = "visa@2x.png"; sourceTree = "<group>"; };
		67BBBD1A1974191C0089E3D6 /* SecUtils.h */ = {isa = PBXFileReference; fileEncoding = 4; lastKnownFileType = sourcecode.c.h; path = SecUtils.h; sourceTree = "<group>"; };
		67BBBD1B1974191C0089E3D6 /* SecUtils.m */ = {isa = PBXFileReference; fileEncoding = 4; lastKnownFileType = sourcecode.c.objc; path = SecUtils.m; sourceTree = "<group>"; };
		67BBBD1D1974191C0089E3D6 /* MPKUtilities.h */ = {isa = PBXFileReference; fileEncoding = 4; lastKnownFileType = sourcecode.c.h; path = MPKUtilities.h; sourceTree = "<group>"; };
		67BBBD1E1974191C0089E3D6 /* MPKUtilities.m */ = {isa = PBXFileReference; fileEncoding = 4; lastKnownFileType = sourcecode.c.objc; path = MPKUtilities.m; sourceTree = "<group>"; };
		67BBBD211974191C0089E3D6 /* ClisitefAsync.h */ = {isa = PBXFileReference; fileEncoding = 4; lastKnownFileType = sourcecode.c.h; path = ClisitefAsync.h; sourceTree = "<group>"; };
		67BBBD251974191C0089E3D6 /* HexColor.h */ = {isa = PBXFileReference; fileEncoding = 4; lastKnownFileType = sourcecode.c.h; path = HexColor.h; sourceTree = "<group>"; };
		67BBBD261974191C0089E3D6 /* HexColor.m */ = {isa = PBXFileReference; fileEncoding = 4; lastKnownFileType = sourcecode.c.objc; path = HexColor.m; sourceTree = "<group>"; };
		67BBBD291974191C0089E3D6 /* MPKMessage.h */ = {isa = PBXFileReference; fileEncoding = 4; lastKnownFileType = sourcecode.c.h; path = MPKMessage.h; sourceTree = "<group>"; };
		67BBBD2A1974191C0089E3D6 /* MPKMessage.m */ = {isa = PBXFileReference; fileEncoding = 4; lastKnownFileType = sourcecode.c.objc; path = MPKMessage.m; sourceTree = "<group>"; };
		67BBBD2D1974191C0089E3D6 /* NotificationBackgroundError.png */ = {isa = PBXFileReference; lastKnownFileType = image.png; path = NotificationBackgroundError.png; sourceTree = "<group>"; };
		67BBBD2E1974191C0089E3D6 /* NotificationBackgroundError@2x.png */ = {isa = PBXFileReference; lastKnownFileType = image.png; path = "NotificationBackgroundError@2x.png"; sourceTree = "<group>"; };
		67BBBD2F1974191C0089E3D6 /* NotificationBackgroundErrorIcon.png */ = {isa = PBXFileReference; lastKnownFileType = image.png; path = NotificationBackgroundErrorIcon.png; sourceTree = "<group>"; };
		67BBBD301974191C0089E3D6 /* NotificationBackgroundErrorIcon@2x.png */ = {isa = PBXFileReference; lastKnownFileType = image.png; path = "NotificationBackgroundErrorIcon@2x.png"; sourceTree = "<group>"; };
		67BBBD311974191C0089E3D6 /* NotificationBackgroundMessage.png */ = {isa = PBXFileReference; lastKnownFileType = image.png; path = NotificationBackgroundMessage.png; sourceTree = "<group>"; };
		67BBBD321974191C0089E3D6 /* NotificationBackgroundMessage@2x.png */ = {isa = PBXFileReference; lastKnownFileType = image.png; path = "NotificationBackgroundMessage@2x.png"; sourceTree = "<group>"; };
		67BBBD331974191C0089E3D6 /* NotificationBackgroundSuccess.png */ = {isa = PBXFileReference; lastKnownFileType = image.png; path = NotificationBackgroundSuccess.png; sourceTree = "<group>"; };
		67BBBD341974191C0089E3D6 /* NotificationBackgroundSuccess@2x.png */ = {isa = PBXFileReference; lastKnownFileType = image.png; path = "NotificationBackgroundSuccess@2x.png"; sourceTree = "<group>"; };
		67BBBD351974191C0089E3D6 /* NotificationBackgroundSuccessIcon.png */ = {isa = PBXFileReference; lastKnownFileType = image.png; path = NotificationBackgroundSuccessIcon.png; sourceTree = "<group>"; };
		67BBBD361974191C0089E3D6 /* NotificationBackgroundSuccessIcon@2x.png */ = {isa = PBXFileReference; lastKnownFileType = image.png; path = "NotificationBackgroundSuccessIcon@2x.png"; sourceTree = "<group>"; };
		67BBBD371974191C0089E3D6 /* NotificationBackgroundWarning.png */ = {isa = PBXFileReference; lastKnownFileType = image.png; path = NotificationBackgroundWarning.png; sourceTree = "<group>"; };
		67BBBD381974191C0089E3D6 /* NotificationBackgroundWarning@2x.png */ = {isa = PBXFileReference; lastKnownFileType = image.png; path = "NotificationBackgroundWarning@2x.png"; sourceTree = "<group>"; };
		67BBBD391974191C0089E3D6 /* NotificationBackgroundWarningIcon.png */ = {isa = PBXFileReference; lastKnownFileType = image.png; path = NotificationBackgroundWarningIcon.png; sourceTree = "<group>"; };
		67BBBD3A1974191C0089E3D6 /* NotificationBackgroundWarningIcon@2x.png */ = {isa = PBXFileReference; lastKnownFileType = image.png; path = "NotificationBackgroundWarningIcon@2x.png"; sourceTree = "<group>"; };
		67BBBD3B1974191C0089E3D6 /* NotificationButtonBackground.png */ = {isa = PBXFileReference; lastKnownFileType = image.png; path = NotificationButtonBackground.png; sourceTree = "<group>"; };
		67BBBD3C1974191C0089E3D6 /* NotificationButtonBackground@2x.png */ = {isa = PBXFileReference; lastKnownFileType = image.png; path = "NotificationButtonBackground@2x.png"; sourceTree = "<group>"; };
		67BBBD3D1974191C0089E3D6 /* MPKMessagesDefaultDesign.json */ = {isa = PBXFileReference; fileEncoding = 4; lastKnownFileType = text.json; path = MPKMessagesDefaultDesign.json; sourceTree = "<group>"; };
		67BBBD3F1974191C0089E3D6 /* MPKBlurView.h */ = {isa = PBXFileReference; fileEncoding = 4; lastKnownFileType = sourcecode.c.h; path = MPKBlurView.h; sourceTree = "<group>"; };
		67BBBD401974191C0089E3D6 /* MPKBlurView.m */ = {isa = PBXFileReference; fileEncoding = 4; lastKnownFileType = sourcecode.c.objc; path = MPKBlurView.m; sourceTree = "<group>"; };
		67BBBD411974191C0089E3D6 /* MPKMessageView.h */ = {isa = PBXFileReference; fileEncoding = 4; lastKnownFileType = sourcecode.c.h; path = MPKMessageView.h; sourceTree = "<group>"; };
		67BBBD421974191C0089E3D6 /* MPKMessageView.m */ = {isa = PBXFileReference; fileEncoding = 4; lastKnownFileType = sourcecode.c.objc; path = MPKMessageView.m; sourceTree = "<group>"; };
		67BBBDA719741A370089E3D6 /* Constants.h */ = {isa = PBXFileReference; lastKnownFileType = sourcecode.c.h; path = Constants.h; sourceTree = "<group>"; };
/* End PBXFileReference section */

/* Begin PBXFrameworksBuildPhase section */
		67BBBCAB197418F40089E3D6 /* Frameworks */ = {
			isa = PBXFrameworksBuildPhase;
			buildActionMask = 2147483647;
			files = (
			);
			runOnlyForDeploymentPostprocessing = 0;
		};
		67BBBCB7197418F40089E3D6 /* Frameworks */ = {
			isa = PBXFrameworksBuildPhase;
			buildActionMask = 2147483647;
			files = (
				67BBBCBB197418F40089E3D6 /* MoipSDK.framework in Frameworks */,
			);
			runOnlyForDeploymentPostprocessing = 0;
		};
/* End PBXFrameworksBuildPhase section */

/* Begin PBXGroup section */
		67BBBCA5197418F30089E3D6 = {
			isa = PBXGroup;
			children = (
				67BBBCB1197418F40089E3D6 /* MoipSDK */,
				67BBBCBE197418F40089E3D6 /* MoipSDKTests */,
				67BBBCB0197418F40089E3D6 /* Products */,
			);
			sourceTree = "<group>";
		};
		67BBBCB0197418F40089E3D6 /* Products */ = {
			isa = PBXGroup;
			children = (
				67BBBCAF197418F40089E3D6 /* MoipSDK.framework */,
				67BBBCBA197418F40089E3D6 /* MoipSDKTests.xctest */,
			);
			name = Products;
			sourceTree = "<group>";
		};
		67BBBCB1197418F40089E3D6 /* MoipSDK */ = {
			isa = PBXGroup;
			children = (
				67BBBCCB1974191C0089E3D6 /* Components */,
				67BBBCE51974191C0089E3D6 /* Configuration */,
				67BBBCE71974191C0089E3D6 /* Error */,
				67BBBCEA1974191C0089E3D6 /* Http */,
				67BBBCF01974191C0089E3D6 /* Model */,
				67BBBD031974191C0089E3D6 /* Resources */,
				67BBBD191974191C0089E3D6 /* SecurityUtil */,
				67BBBD1C1974191C0089E3D6 /* Utils */,
				67BBBD1F1974191C0089E3D6 /* Vendor */,
				67BBBCB4197418F40089E3D6 /* MoipSDK.h */,
				67BBBD021974191C0089E3D6 /* MoipSDK.m */,
				67BBBCB2197418F40089E3D6 /* Supporting Files */,
			);
			path = MoipSDK;
			sourceTree = "<group>";
		};
		67BBBCB2197418F40089E3D6 /* Supporting Files */ = {
			isa = PBXGroup;
			children = (
				67BBBCB3197418F40089E3D6 /* Info.plist */,
			);
			name = "Supporting Files";
			sourceTree = "<group>";
		};
		67BBBCBE197418F40089E3D6 /* MoipSDKTests */ = {
			isa = PBXGroup;
			children = (
				67BBBCC1197418F40089E3D6 /* MoipSDKTests.m */,
				67BBBCBF197418F40089E3D6 /* Supporting Files */,
			);
			path = MoipSDKTests;
			sourceTree = "<group>";
		};
		67BBBCBF197418F40089E3D6 /* Supporting Files */ = {
			isa = PBXGroup;
			children = (
				67BBBCC0197418F40089E3D6 /* Info.plist */,
			);
			name = "Supporting Files";
			sourceTree = "<group>";
		};
		67BBBCCB1974191C0089E3D6 /* Components */ = {
			isa = PBXGroup;
			children = (
				67BBBCCC1974191C0089E3D6 /* MoipPaymentKit */,
				67BBBCD11974191C0089E3D6 /* PaymentKit */,
			);
			path = Components;
			sourceTree = "<group>";
		};
		67BBBCCC1974191C0089E3D6 /* MoipPaymentKit */ = {
			isa = PBXGroup;
			children = (
				67BBBCCD1974191C0089E3D6 /* MPKCheckoutViewController.h */,
				67BBBCCE1974191C0089E3D6 /* MPKCheckoutViewController.m */,
				67BBBCCF1974191C0089E3D6 /* MPKConfiguration.h */,
				67BBBCD01974191C0089E3D6 /* MPKConfiguration.m */,
			);
			path = MoipPaymentKit;
			sourceTree = "<group>";
		};
		67BBBCD11974191C0089E3D6 /* PaymentKit */ = {
			isa = PBXGroup;
			children = (
				67BBBCD21974191C0089E3D6 /* MPKAddressZip.h */,
				67BBBCD31974191C0089E3D6 /* MPKAddressZip.m */,
				67BBBCD41974191C0089E3D6 /* MPKCard.h */,
				67BBBCD51974191C0089E3D6 /* MPKCard.m */,
				67BBBCD61974191C0089E3D6 /* MPKCardCVC.h */,
				67BBBCD71974191C0089E3D6 /* MPKCardCVC.m */,
				67BBBCD81974191C0089E3D6 /* MPKCardExpiry.h */,
				67BBBCD91974191C0089E3D6 /* MPKCardExpiry.m */,
				67BBBCDA1974191C0089E3D6 /* MPKCardNumber.h */,
				67BBBCDB1974191C0089E3D6 /* MPKCardNumber.m */,
				67BBBCDC1974191C0089E3D6 /* MPKCardType.h */,
				67BBBCDD1974191C0089E3D6 /* MPKComponent.h */,
				67BBBCDE1974191C0089E3D6 /* MPKComponent.m */,
				67BBBCDF1974191C0089E3D6 /* MPKTextField.h */,
				67BBBCE01974191C0089E3D6 /* MPKTextField.m */,
				67BBBCE11974191C0089E3D6 /* MPKUSAddressZip.h */,
				67BBBCE21974191C0089E3D6 /* MPKUSAddressZip.m */,
				67BBBCE31974191C0089E3D6 /* MPKView.h */,
				67BBBCE41974191C0089E3D6 /* MPKView.m */,
			);
			path = PaymentKit;
			sourceTree = "<group>";
		};
		67BBBCE51974191C0089E3D6 /* Configuration */ = {
			isa = PBXGroup;
			children = (
				67BBBCE61974191C0089E3D6 /* MPKEnvironment.h */,
			);
			path = Configuration;
			sourceTree = "<group>";
		};
		67BBBCE71974191C0089E3D6 /* Error */ = {
			isa = PBXGroup;
			children = (
				67BBBCE81974191C0089E3D6 /* MPKError.h */,
				67BBBCE91974191C0089E3D6 /* MPKError.m */,
			);
			path = Error;
			sourceTree = "<group>";
		};
		67BBBCEA1974191C0089E3D6 /* Http */ = {
			isa = PBXGroup;
			children = (
				67BBBCEB1974191C0089E3D6 /* HTTPStatusCodes.h */,
				67BBBCEC1974191C0089E3D6 /* MoipHttpRequester.h */,
				67BBBCED1974191C0089E3D6 /* MoipHttpRequester.m */,
				67BBBCEE1974191C0089E3D6 /* MoipHttpResponse.h */,
				67BBBCEF1974191C0089E3D6 /* MoipHttpResponse.m */,
			);
			path = Http;
			sourceTree = "<group>";
		};
		67BBBCF01974191C0089E3D6 /* Model */ = {
			isa = PBXGroup;
			children = (
				67BBBCF11974191C0089E3D6 /* MPKAmount.h */,
				67BBBCF21974191C0089E3D6 /* MPKAmount.m */,
				67BBBCF31974191C0089E3D6 /* MPKCardHolder.h */,
				67BBBCF41974191C0089E3D6 /* MPKCardHolder.m */,
				67BBBCF51974191C0089E3D6 /* MPKCreditCard.h */,
				67BBBCF61974191C0089E3D6 /* MPKCreditCard.m */,
				67BBBCF71974191C0089E3D6 /* MPKEnums.h */,
				67BBBCF81974191C0089E3D6 /* MPKEvent.h */,
				67BBBCF91974191C0089E3D6 /* MPKEvent.m */,
				67BBBCFA1974191C0089E3D6 /* MPKFee.h */,
				67BBBCFB1974191C0089E3D6 /* MPKFee.m */,
				67BBBCFC1974191C0089E3D6 /* MPKFundingInstrument.h */,
				67BBBCFD1974191C0089E3D6 /* MPKFundingInstrument.m */,
				67BBBCFE1974191C0089E3D6 /* MPKPayment.h */,
				67BBBCFF1974191C0089E3D6 /* MPKPayment.m */,
				67BBBD001974191C0089E3D6 /* MPKPaymentTransaction.h */,
				67BBBD011974191C0089E3D6 /* MPKPaymentTransaction.m */,
			);
			path = Model;
			sourceTree = "<group>";
		};
		67BBBD031974191C0089E3D6 /* Resources */ = {
			isa = PBXGroup;
			children = (
				67BBBD041974191C0089E3D6 /* amex.png */,
				67BBBD051974191C0089E3D6 /* amex@2x.png */,
				67BBBD061974191C0089E3D6 /* cvc-amex.png */,
				67BBBD071974191C0089E3D6 /* cvc-amex@2x.png */,
				67BBBD081974191C0089E3D6 /* cvc.png */,
				67BBBD091974191C0089E3D6 /* cvc@2x.png */,
				67BBBD0A1974191C0089E3D6 /* diners.png */,
				67BBBD0B1974191C0089E3D6 /* diners@2x.png */,
				67BBBD0C1974191C0089E3D6 /* discover.png */,
				67BBBD0D1974191C0089E3D6 /* discover@2x.png */,
				67BBBD0E1974191C0089E3D6 /* gradient@2x.png */,
				67BBBD0F1974191C0089E3D6 /* jcb.png */,
				67BBBD101974191C0089E3D6 /* jcb@2x.png */,
				67BBBD111974191C0089E3D6 /* mastercard.png */,
				67BBBD121974191C0089E3D6 /* mastercard@2x.png */,
				67BBBD131974191C0089E3D6 /* placeholder.png */,
				67BBBD141974191C0089E3D6 /* placeholder@2x.png */,
				67BBBD151974191C0089E3D6 /* textfield.png */,
				67BBBD161974191C0089E3D6 /* textfield@2x.png */,
				67BBBD171974191C0089E3D6 /* visa.png */,
				67BBBD181974191C0089E3D6 /* visa@2x.png */,
			);
			path = Resources;
			sourceTree = "<group>";
		};
		67BBBD191974191C0089E3D6 /* SecurityUtil */ = {
			isa = PBXGroup;
			children = (
				67BBBD1A1974191C0089E3D6 /* SecUtils.h */,
				67BBBD1B1974191C0089E3D6 /* SecUtils.m */,
			);
			path = SecurityUtil;
			sourceTree = "<group>";
		};
		67BBBD1C1974191C0089E3D6 /* Utils */ = {
			isa = PBXGroup;
			children = (
				67BBBD1D1974191C0089E3D6 /* MPKUtilities.h */,
				67BBBD1E1974191C0089E3D6 /* MPKUtilities.m */,
				67BBBDA719741A370089E3D6 /* Constants.h */,
			);
			path = Utils;
			sourceTree = "<group>";
		};
		67BBBD1F1974191C0089E3D6 /* Vendor */ = {
			isa = PBXGroup;
			children = (
				67BBBD201974191C0089E3D6 /* libclisitef */,
				67BBBD221974191C0089E3D6 /* Submodules */,
				67BBBD271974191C0089E3D6 /* TSMessages */,
			);
			path = Vendor;
			sourceTree = "<group>";
		};
		67BBBD201974191C0089E3D6 /* libclisitef */ = {
			isa = PBXGroup;
			children = (
				67BBBD211974191C0089E3D6 /* ClisitefAsync.h */,
			);
			path = libclisitef;
			sourceTree = "<group>";
		};
		67BBBD221974191C0089E3D6 /* Submodules */ = {
			isa = PBXGroup;
			children = (
				67BBBD231974191C0089E3D6 /* HexColors */,
			);
			path = Submodules;
			sourceTree = "<group>";
		};
		67BBBD231974191C0089E3D6 /* HexColors */ = {
			isa = PBXGroup;
			children = (
				67BBBD241974191C0089E3D6 /* Classes */,
			);
			path = HexColors;
			sourceTree = "<group>";
		};
		67BBBD241974191C0089E3D6 /* Classes */ = {
			isa = PBXGroup;
			children = (
				67BBBD251974191C0089E3D6 /* HexColor.h */,
				67BBBD261974191C0089E3D6 /* HexColor.m */,
			);
			path = Classes;
			sourceTree = "<group>";
		};
		67BBBD271974191C0089E3D6 /* TSMessages */ = {
			isa = PBXGroup;
			children = (
				67BBBD281974191C0089E3D6 /* Classes */,
				67BBBD2B1974191C0089E3D6 /* Resources */,
				67BBBD3E1974191C0089E3D6 /* Views */,
			);
			path = TSMessages;
			sourceTree = "<group>";
		};
		67BBBD281974191C0089E3D6 /* Classes */ = {
			isa = PBXGroup;
			children = (
				67BBBD291974191C0089E3D6 /* MPKMessage.h */,
				67BBBD2A1974191C0089E3D6 /* MPKMessage.m */,
			);
			path = Classes;
			sourceTree = "<group>";
		};
		67BBBD2B1974191C0089E3D6 /* Resources */ = {
			isa = PBXGroup;
			children = (
				67BBBD2C1974191C0089E3D6 /* Images */,
				67BBBD3D1974191C0089E3D6 /* MPKMessagesDefaultDesign.json */,
			);
			path = Resources;
			sourceTree = "<group>";
		};
		67BBBD2C1974191C0089E3D6 /* Images */ = {
			isa = PBXGroup;
			children = (
				67BBBD2D1974191C0089E3D6 /* NotificationBackgroundError.png */,
				67BBBD2E1974191C0089E3D6 /* NotificationBackgroundError@2x.png */,
				67BBBD2F1974191C0089E3D6 /* NotificationBackgroundErrorIcon.png */,
				67BBBD301974191C0089E3D6 /* NotificationBackgroundErrorIcon@2x.png */,
				67BBBD311974191C0089E3D6 /* NotificationBackgroundMessage.png */,
				67BBBD321974191C0089E3D6 /* NotificationBackgroundMessage@2x.png */,
				67BBBD331974191C0089E3D6 /* NotificationBackgroundSuccess.png */,
				67BBBD341974191C0089E3D6 /* NotificationBackgroundSuccess@2x.png */,
				67BBBD351974191C0089E3D6 /* NotificationBackgroundSuccessIcon.png */,
				67BBBD361974191C0089E3D6 /* NotificationBackgroundSuccessIcon@2x.png */,
				67BBBD371974191C0089E3D6 /* NotificationBackgroundWarning.png */,
				67BBBD381974191C0089E3D6 /* NotificationBackgroundWarning@2x.png */,
				67BBBD391974191C0089E3D6 /* NotificationBackgroundWarningIcon.png */,
				67BBBD3A1974191C0089E3D6 /* NotificationBackgroundWarningIcon@2x.png */,
				67BBBD3B1974191C0089E3D6 /* NotificationButtonBackground.png */,
				67BBBD3C1974191C0089E3D6 /* NotificationButtonBackground@2x.png */,
			);
			path = Images;
			sourceTree = "<group>";
		};
		67BBBD3E1974191C0089E3D6 /* Views */ = {
			isa = PBXGroup;
			children = (
				67BBBD3F1974191C0089E3D6 /* MPKBlurView.h */,
				67BBBD401974191C0089E3D6 /* MPKBlurView.m */,
				67BBBD411974191C0089E3D6 /* MPKMessageView.h */,
				67BBBD421974191C0089E3D6 /* MPKMessageView.m */,
			);
			path = Views;
			sourceTree = "<group>";
		};
/* End PBXGroup section */

/* Begin PBXHeadersBuildPhase section */
		67BBBCAC197418F40089E3D6 /* Headers */ = {
			isa = PBXHeadersBuildPhase;
			buildActionMask = 2147483647;
			files = (
				67BBBD621974191C0089E3D6 /* MPKAmount.h in Headers */,
				67BBBD691974191C0089E3D6 /* MPKEvent.h in Headers */,
				67BBBD6D1974191C0089E3D6 /* MPKFundingInstrument.h in Headers */,
				67BBBD661974191C0089E3D6 /* MPKCreditCard.h in Headers */,
				67BBBD5B1974191C0089E3D6 /* MPKError.h in Headers */,
				67BBBD711974191C0089E3D6 /* MPKPaymentTransaction.h in Headers */,
				67BBBD8B1974191C0089E3D6 /* MPKUtilities.h in Headers */,
				67BBBD4F1974191C0089E3D6 /* MPKCardNumber.h in Headers */,
				67BBBD601974191C0089E3D6 /* MoipHttpResponse.h in Headers */,
				67BBBD431974191C0089E3D6 /* MPKCheckoutViewController.h in Headers */,
				67BBBD581974191C0089E3D6 /* MPKView.h in Headers */,
				67BBBD4D1974191C0089E3D6 /* MPKCardExpiry.h in Headers */,
				67BBBD521974191C0089E3D6 /* MPKComponent.h in Headers */,
				67BBBD451974191C0089E3D6 /* MPKConfiguration.h in Headers */,
				67BBBD901974191C0089E3D6 /* MPKMessage.h in Headers */,
				67BBBD471974191C0089E3D6 /* MPKAddressZip.h in Headers */,
				67BBBD641974191C0089E3D6 /* MPKCardHolder.h in Headers */,
				67BBBD541974191C0089E3D6 /* MPKTextField.h in Headers */,
				67BBBD4B1974191C0089E3D6 /* MPKCardCVC.h in Headers */,
				67BBBD681974191C0089E3D6 /* MPKEnums.h in Headers */,
				67BBBDA51974191C0089E3D6 /* MPKMessageView.h in Headers */,
				67BBBD5A1974191C0089E3D6 /* MPKEnvironment.h in Headers */,
				67BBBD511974191C0089E3D6 /* MPKCardType.h in Headers */,
				67BBBD6B1974191C0089E3D6 /* MPKFee.h in Headers */,
				67BBBD491974191C0089E3D6 /* MPKCard.h in Headers */,
				67BBBD6F1974191C0089E3D6 /* MPKPayment.h in Headers */,
				67BBBD5E1974191C0089E3D6 /* MoipHttpRequester.h in Headers */,
				67BBBCB5197418F40089E3D6 /* MoipSDK.h in Headers */,
				67BBBD5D1974191C0089E3D6 /* HTTPStatusCodes.h in Headers */,
				67BBBDA31974191C0089E3D6 /* MPKBlurView.h in Headers */,
				67BBBD561974191C0089E3D6 /* MPKUSAddressZip.h in Headers */,
				67BBBD891974191C0089E3D6 /* SecUtils.h in Headers */,
				67BBBD8E1974191C0089E3D6 /* HexColor.h in Headers */,
				67BBBD8D1974191C0089E3D6 /* ClisitefAsync.h in Headers */,
			);
			runOnlyForDeploymentPostprocessing = 0;
		};
/* End PBXHeadersBuildPhase section */

/* Begin PBXNativeTarget section */
		67BBBCAE197418F40089E3D6 /* MoipSDK */ = {
			isa = PBXNativeTarget;
			buildConfigurationList = 67BBBCC5197418F40089E3D6 /* Build configuration list for PBXNativeTarget "MoipSDK" */;
			buildPhases = (
				67BBBCAA197418F40089E3D6 /* Sources */,
				67BBBCAB197418F40089E3D6 /* Frameworks */,
				67BBBCAC197418F40089E3D6 /* Headers */,
				67BBBCAD197418F40089E3D6 /* Resources */,
			);
			buildRules = (
			);
			dependencies = (
			);
			name = MoipSDK;
			productName = MoipSDK;
			productReference = 67BBBCAF197418F40089E3D6 /* MoipSDK.framework */;
			productType = "com.apple.product-type.framework";
		};
		67BBBCB9197418F40089E3D6 /* MoipSDKTests */ = {
			isa = PBXNativeTarget;
			buildConfigurationList = 67BBBCC8197418F40089E3D6 /* Build configuration list for PBXNativeTarget "MoipSDKTests" */;
			buildPhases = (
				67BBBCB6197418F40089E3D6 /* Sources */,
				67BBBCB7197418F40089E3D6 /* Frameworks */,
				67BBBCB8197418F40089E3D6 /* Resources */,
			);
			buildRules = (
			);
			dependencies = (
				67BBBCBD197418F40089E3D6 /* PBXTargetDependency */,
			);
			name = MoipSDKTests;
			productName = MoipSDKTests;
			productReference = 67BBBCBA197418F40089E3D6 /* MoipSDKTests.xctest */;
			productType = "com.apple.product-type.bundle.unit-test";
		};
/* End PBXNativeTarget section */

/* Begin PBXProject section */
		67BBBCA6197418F30089E3D6 /* Project object */ = {
			isa = PBXProject;
			attributes = {
				LastUpgradeCheck = 0600;
				ORGANIZATIONNAME = "Moip Pagamentos S/A";
				TargetAttributes = {
					67BBBCAE197418F40089E3D6 = {
						CreatedOnToolsVersion = 6.0;
					};
					67BBBCB9197418F40089E3D6 = {
						CreatedOnToolsVersion = 6.0;
						TestTargetID = 67BBBCAE197418F40089E3D6;
					};
				};
			};
			buildConfigurationList = 67BBBCA9197418F30089E3D6 /* Build configuration list for PBXProject "MoipSDK" */;
			compatibilityVersion = "Xcode 3.2";
			developmentRegion = English;
			hasScannedForEncodings = 0;
			knownRegions = (
				en,
			);
			mainGroup = 67BBBCA5197418F30089E3D6;
			productRefGroup = 67BBBCB0197418F40089E3D6 /* Products */;
			projectDirPath = "";
			projectRoot = "";
			targets = (
				67BBBCAE197418F40089E3D6 /* MoipSDK */,
				67BBBCB9197418F40089E3D6 /* MoipSDKTests */,
			);
		};
/* End PBXProject section */

/* Begin PBXResourcesBuildPhase section */
		67BBBCAD197418F40089E3D6 /* Resources */ = {
			isa = PBXResourcesBuildPhase;
			buildActionMask = 2147483647;
			files = (
				67BBBD7A1974191C0089E3D6 /* diners.png in Resources */,
				67BBBD7D1974191C0089E3D6 /* discover@2x.png in Resources */,
				67BBBD9F1974191C0089E3D6 /* NotificationBackgroundWarningIcon@2x.png in Resources */,
				67BBBD781974191C0089E3D6 /* cvc.png in Resources */,
				67BBBD841974191C0089E3D6 /* placeholder@2x.png in Resources */,
				67BBBD9E1974191C0089E3D6 /* NotificationBackgroundWarningIcon.png in Resources */,
				67BBBD991974191C0089E3D6 /* NotificationBackgroundSuccess@2x.png in Resources */,
				67BBBD771974191C0089E3D6 /* cvc-amex@2x.png in Resources */,
				67BBBD881974191C0089E3D6 /* visa@2x.png in Resources */,
				67BBBD971974191C0089E3D6 /* NotificationBackgroundMessage@2x.png in Resources */,
				67BBBD931974191C0089E3D6 /* NotificationBackgroundError@2x.png in Resources */,
				67BBBD7C1974191C0089E3D6 /* discover.png in Resources */,
				67BBBD941974191C0089E3D6 /* NotificationBackgroundErrorIcon.png in Resources */,
				67BBBD921974191C0089E3D6 /* NotificationBackgroundError.png in Resources */,
				67BBBD961974191C0089E3D6 /* NotificationBackgroundMessage.png in Resources */,
				67BBBD9D1974191C0089E3D6 /* NotificationBackgroundWarning@2x.png in Resources */,
				67BBBD871974191C0089E3D6 /* visa.png in Resources */,
				67BBBD831974191C0089E3D6 /* placeholder.png in Resources */,
				67BBBD9A1974191C0089E3D6 /* NotificationBackgroundSuccessIcon.png in Resources */,
				67BBBD9B1974191C0089E3D6 /* NotificationBackgroundSuccessIcon@2x.png in Resources */,
				67BBBD851974191C0089E3D6 /* textfield.png in Resources */,
				67BBBD741974191C0089E3D6 /* amex.png in Resources */,
				67BBBD9C1974191C0089E3D6 /* NotificationBackgroundWarning.png in Resources */,
				67BBBD861974191C0089E3D6 /* textfield@2x.png in Resources */,
				67BBBDA01974191C0089E3D6 /* NotificationButtonBackground.png in Resources */,
				67BBBD7E1974191C0089E3D6 /* gradient@2x.png in Resources */,
				67BBBD791974191C0089E3D6 /* cvc@2x.png in Resources */,
				67BBBD761974191C0089E3D6 /* cvc-amex.png in Resources */,
				67BBBD981974191C0089E3D6 /* NotificationBackgroundSuccess.png in Resources */,
				67BBBD811974191C0089E3D6 /* mastercard.png in Resources */,
				67BBBD7F1974191C0089E3D6 /* jcb.png in Resources */,
				67BBBD751974191C0089E3D6 /* amex@2x.png in Resources */,
				67BBBD821974191C0089E3D6 /* mastercard@2x.png in Resources */,
				67BBBDA11974191C0089E3D6 /* NotificationButtonBackground@2x.png in Resources */,
				67BBBDA21974191C0089E3D6 /* MPKMessagesDefaultDesign.json in Resources */,
				67BBBD801974191C0089E3D6 /* jcb@2x.png in Resources */,
				67BBBD951974191C0089E3D6 /* NotificationBackgroundErrorIcon@2x.png in Resources */,
				67BBBD7B1974191C0089E3D6 /* diners@2x.png in Resources */,
			);
			runOnlyForDeploymentPostprocessing = 0;
		};
		67BBBCB8197418F40089E3D6 /* Resources */ = {
			isa = PBXResourcesBuildPhase;
			buildActionMask = 2147483647;
			files = (
			);
			runOnlyForDeploymentPostprocessing = 0;
		};
/* End PBXResourcesBuildPhase section */

/* Begin PBXSourcesBuildPhase section */
		67BBBCAA197418F40089E3D6 /* Sources */ = {
			isa = PBXSourcesBuildPhase;
			buildActionMask = 2147483647;
			files = (
				67BBBD441974191C0089E3D6 /* MPKCheckoutViewController.m in Sources */,
				67BBBD4C1974191C0089E3D6 /* MPKCardCVC.m in Sources */,
				67BBBDA61974191C0089E3D6 /* MPKMessageView.m in Sources */,
				67BBBD481974191C0089E3D6 /* MPKAddressZip.m in Sources */,
				67BBBD6A1974191C0089E3D6 /* MPKEvent.m in Sources */,
				67BBBD591974191C0089E3D6 /* MPKView.m in Sources */,
				67BBBD6C1974191C0089E3D6 /* MPKFee.m in Sources */,
				67BBBD501974191C0089E3D6 /* MPKCardNumber.m in Sources */,
				67BBBD8F1974191C0089E3D6 /* HexColor.m in Sources */,
				67BBBD531974191C0089E3D6 /* MPKComponent.m in Sources */,
				67BBBD571974191C0089E3D6 /* MPKUSAddressZip.m in Sources */,
				67BBBD911974191C0089E3D6 /* MPKMessage.m in Sources */,
				67BBBD8C1974191C0089E3D6 /* MPKUtilities.m in Sources */,
				67BBBDA41974191C0089E3D6 /* MPKBlurView.m in Sources */,
				67BBBD8A1974191C0089E3D6 /* SecUtils.m in Sources */,
				67BBBD611974191C0089E3D6 /* MoipHttpResponse.m in Sources */,
				67BBBD631974191C0089E3D6 /* MPKAmount.m in Sources */,
				67BBBD5C1974191C0089E3D6 /* MPKError.m in Sources */,
				67BBBD701974191C0089E3D6 /* MPKPayment.m in Sources */,
				67BBBD651974191C0089E3D6 /* MPKCardHolder.m in Sources */,
				67BBBD4A1974191C0089E3D6 /* MPKCard.m in Sources */,
				67BBBD461974191C0089E3D6 /* MPKConfiguration.m in Sources */,
				67BBBD671974191C0089E3D6 /* MPKCreditCard.m in Sources */,
				67BBBD5F1974191C0089E3D6 /* MoipHttpRequester.m in Sources */,
				67BBBD721974191C0089E3D6 /* MPKPaymentTransaction.m in Sources */,
				67BBBD6E1974191C0089E3D6 /* MPKFundingInstrument.m in Sources */,
				67BBBD4E1974191C0089E3D6 /* MPKCardExpiry.m in Sources */,
				67BBBD551974191C0089E3D6 /* MPKTextField.m in Sources */,
				67BBBD731974191C0089E3D6 /* MoipSDK.m in Sources */,
			);
			runOnlyForDeploymentPostprocessing = 0;
		};
		67BBBCB6197418F40089E3D6 /* Sources */ = {
			isa = PBXSourcesBuildPhase;
			buildActionMask = 2147483647;
			files = (
				67BBBCC2197418F40089E3D6 /* MoipSDKTests.m in Sources */,
			);
			runOnlyForDeploymentPostprocessing = 0;
		};
/* End PBXSourcesBuildPhase section */

/* Begin PBXTargetDependency section */
		67BBBCBD197418F40089E3D6 /* PBXTargetDependency */ = {
			isa = PBXTargetDependency;
			target = 67BBBCAE197418F40089E3D6 /* MoipSDK */;
			targetProxy = 67BBBCBC197418F40089E3D6 /* PBXContainerItemProxy */;
		};
/* End PBXTargetDependency section */

/* Begin XCBuildConfiguration section */
		67BBBCC3197418F40089E3D6 /* Debug */ = {
			isa = XCBuildConfiguration;
			buildSettings = {
				ALWAYS_SEARCH_USER_PATHS = NO;
				CLANG_CXX_LANGUAGE_STANDARD = "gnu++0x";
				CLANG_CXX_LIBRARY = "libc++";
				CLANG_ENABLE_MODULES = YES;
				CLANG_ENABLE_OBJC_ARC = YES;
				CLANG_WARN_BOOL_CONVERSION = YES;
				CLANG_WARN_CONSTANT_CONVERSION = YES;
				CLANG_WARN_DIRECT_OBJC_ISA_USAGE = YES_ERROR;
				CLANG_WARN_EMPTY_BODY = YES;
				CLANG_WARN_ENUM_CONVERSION = YES;
				CLANG_WARN_INT_CONVERSION = YES;
				CLANG_WARN_OBJC_ROOT_CLASS = YES_ERROR;
				CLANG_WARN_UNREACHABLE_CODE = YES;
				CLANG_WARN__DUPLICATE_METHOD_MATCH = YES;
				"CODE_SIGN_IDENTITY[sdk=iphoneos*]" = "iPhone Developer";
				COPY_PHASE_STRIP = NO;
				CURRENT_PROJECT_VERSION = 1;
				ENABLE_STRICT_OBJC_MSGSEND = YES;
				GCC_C_LANGUAGE_STANDARD = gnu99;
				GCC_DYNAMIC_NO_PIC = NO;
				GCC_OPTIMIZATION_LEVEL = 0;
				GCC_PREPROCESSOR_DEFINITIONS = (
					"DEBUG=1",
					"$(inherited)",
				);
				GCC_SYMBOLS_PRIVATE_EXTERN = NO;
				GCC_WARN_64_TO_32_BIT_CONVERSION = YES;
				GCC_WARN_ABOUT_RETURN_TYPE = YES_ERROR;
				GCC_WARN_UNDECLARED_SELECTOR = YES;
				GCC_WARN_UNINITIALIZED_AUTOS = YES_AGGRESSIVE;
				GCC_WARN_UNUSED_FUNCTION = YES;
				GCC_WARN_UNUSED_VARIABLE = YES;
				IPHONEOS_DEPLOYMENT_TARGET = 8.0;
				MTL_ENABLE_DEBUG_INFO = YES;
				ONLY_ACTIVE_ARCH = YES;
				SDKROOT = iphoneos;
				TARGETED_DEVICE_FAMILY = "1,2";
				VERSIONING_SYSTEM = "apple-generic";
				VERSION_INFO_PREFIX = "";
			};
			name = Debug;
		};
		67BBBCC4197418F40089E3D6 /* Release */ = {
			isa = XCBuildConfiguration;
			buildSettings = {
				ALWAYS_SEARCH_USER_PATHS = NO;
				CLANG_CXX_LANGUAGE_STANDARD = "gnu++0x";
				CLANG_CXX_LIBRARY = "libc++";
				CLANG_ENABLE_MODULES = YES;
				CLANG_ENABLE_OBJC_ARC = YES;
				CLANG_WARN_BOOL_CONVERSION = YES;
				CLANG_WARN_CONSTANT_CONVERSION = YES;
				CLANG_WARN_DIRECT_OBJC_ISA_USAGE = YES_ERROR;
				CLANG_WARN_EMPTY_BODY = YES;
				CLANG_WARN_ENUM_CONVERSION = YES;
				CLANG_WARN_INT_CONVERSION = YES;
				CLANG_WARN_OBJC_ROOT_CLASS = YES_ERROR;
				CLANG_WARN_UNREACHABLE_CODE = YES;
				CLANG_WARN__DUPLICATE_METHOD_MATCH = YES;
				"CODE_SIGN_IDENTITY[sdk=iphoneos*]" = "iPhone Developer";
				COPY_PHASE_STRIP = YES;
				CURRENT_PROJECT_VERSION = 1;
				ENABLE_NS_ASSERTIONS = NO;
				ENABLE_STRICT_OBJC_MSGSEND = YES;
				GCC_C_LANGUAGE_STANDARD = gnu99;
				GCC_WARN_64_TO_32_BIT_CONVERSION = YES;
				GCC_WARN_ABOUT_RETURN_TYPE = YES_ERROR;
				GCC_WARN_UNDECLARED_SELECTOR = YES;
				GCC_WARN_UNINITIALIZED_AUTOS = YES_AGGRESSIVE;
				GCC_WARN_UNUSED_FUNCTION = YES;
				GCC_WARN_UNUSED_VARIABLE = YES;
				IPHONEOS_DEPLOYMENT_TARGET = 8.0;
				MTL_ENABLE_DEBUG_INFO = NO;
				SDKROOT = iphoneos;
				TARGETED_DEVICE_FAMILY = "1,2";
				VALIDATE_PRODUCT = YES;
				VERSIONING_SYSTEM = "apple-generic";
				VERSION_INFO_PREFIX = "";
			};
			name = Release;
		};
		67BBBCC6197418F40089E3D6 /* Debug */ = {
			isa = XCBuildConfiguration;
			buildSettings = {
				DEFINES_MODULE = YES;
				DYLIB_COMPATIBILITY_VERSION = 1;
				DYLIB_CURRENT_VERSION = 1;
				DYLIB_INSTALL_NAME_BASE = "@rpath";
				INFOPLIST_FILE = MoipSDK/Info.plist;
				INSTALL_PATH = "$(LOCAL_LIBRARY_DIR)/Frameworks";
				IPHONEOS_DEPLOYMENT_TARGET = 7.0;
				LD_RUNPATH_SEARCH_PATHS = "$(inherited) @executable_path/Frameworks @loader_path/Frameworks";
				PRODUCT_NAME = "$(TARGET_NAME)";
				SKIP_INSTALL = YES;
			};
			name = Debug;
		};
		67BBBCC7197418F40089E3D6 /* Release */ = {
			isa = XCBuildConfiguration;
			buildSettings = {
				DEFINES_MODULE = YES;
				DYLIB_COMPATIBILITY_VERSION = 1;
				DYLIB_CURRENT_VERSION = 1;
				DYLIB_INSTALL_NAME_BASE = "@rpath";
				INFOPLIST_FILE = MoipSDK/Info.plist;
				INSTALL_PATH = "$(LOCAL_LIBRARY_DIR)/Frameworks";
				IPHONEOS_DEPLOYMENT_TARGET = 7.0;
				LD_RUNPATH_SEARCH_PATHS = "$(inherited) @executable_path/Frameworks @loader_path/Frameworks";
				PRODUCT_NAME = "$(TARGET_NAME)";
				SKIP_INSTALL = YES;
			};
			name = Release;
		};
		67BBBCC9197418F40089E3D6 /* Debug */ = {
			isa = XCBuildConfiguration;
			buildSettings = {
				FRAMEWORK_SEARCH_PATHS = (
					"$(SDKROOT)/Developer/Library/Frameworks",
					"$(inherited)",
				);
				GCC_PREPROCESSOR_DEFINITIONS = (
					"DEBUG=1",
					"$(inherited)",
				);
				INFOPLIST_FILE = MoipSDKTests/Info.plist;
				LD_RUNPATH_SEARCH_PATHS = "$(inherited) @executable_path/Frameworks @loader_path/Frameworks";
				PRODUCT_NAME = "$(TARGET_NAME)";
			};
			name = Debug;
		};
		67BBBCCA197418F40089E3D6 /* Release */ = {
			isa = XCBuildConfiguration;
			buildSettings = {
				FRAMEWORK_SEARCH_PATHS = (
					"$(SDKROOT)/Developer/Library/Frameworks",
					"$(inherited)",
				);
				INFOPLIST_FILE = MoipSDKTests/Info.plist;
				LD_RUNPATH_SEARCH_PATHS = "$(inherited) @executable_path/Frameworks @loader_path/Frameworks";
				PRODUCT_NAME = "$(TARGET_NAME)";
			};
			name = Release;
		};
/* End XCBuildConfiguration section */

/* Begin XCConfigurationList section */
		67BBBCA9197418F30089E3D6 /* Build configuration list for PBXProject "MoipSDK" */ = {
			isa = XCConfigurationList;
			buildConfigurations = (
				67BBBCC3197418F40089E3D6 /* Debug */,
				67BBBCC4197418F40089E3D6 /* Release */,
			);
			defaultConfigurationIsVisible = 0;
			defaultConfigurationName = Release;
		};
		67BBBCC5197418F40089E3D6 /* Build configuration list for PBXNativeTarget "MoipSDK" */ = {
			isa = XCConfigurationList;
			buildConfigurations = (
				67BBBCC6197418F40089E3D6 /* Debug */,
				67BBBCC7197418F40089E3D6 /* Release */,
			);
			defaultConfigurationIsVisible = 0;
			defaultConfigurationName = Release;
		};
		67BBBCC8197418F40089E3D6 /* Build configuration list for PBXNativeTarget "MoipSDKTests" */ = {
			isa = XCConfigurationList;
			buildConfigurations = (
				67BBBCC9197418F40089E3D6 /* Debug */,
				67BBBCCA197418F40089E3D6 /* Release */,
			);
			defaultConfigurationIsVisible = 0;
			defaultConfigurationName = Release;
		};
/* End XCConfigurationList section */
	};
	rootObject = 67BBBCA6197418F30089E3D6 /* Project object */;
}
